
Microsoft Visual Studio Solution File, Format Version 12.00
# Visual Studio Version 16
VisualStudioVersion = 16.0.30225.117
MinimumVisualStudioVersion = 10.0.40219.1
Project("{9A19103F-16F7-4668-BE54-9A1E7A4F7556}") = "RapidData.MathLib", "RapidData.Library\RapidData.MathLib.csproj", "{8C9A5497-781A-4666-949E-0B59E1528440}"
EndProject
Project("{9A19103F-16F7-4668-BE54-9A1E7A4F7556}") = "RapidData.MathLib.UnitTest", "RapidData.MathLib.UnitTest\RapidData.MathLib.UnitTest.csproj", "{787F8511-1ED3-4F4D-B376-5545D3F91940}"
EndProject
Global
	GlobalSection(SolutionConfigurationPlatforms) = preSolution
		Debug|Any CPU = Debug|Any CPU
		Release|Any CPU = Release|Any CPU
	EndGlobalSection
	GlobalSection(ProjectConfigurationPlatforms) = postSolution
		{8C9A5497-781A-4666-949E-0B59E1528440}.Debug|Any CPU.ActiveCfg = Debug|Any CPU
		{8C9A5497-781A-4666-949E-0B59E1528440}.Debug|Any CPU.Build.0 = Debug|Any CPU
		{8C9A5497-781A-4666-949E-0B59E1528440}.Release|Any CPU.ActiveCfg = Release|Any CPU
		{8C9A5497-781A-4666-949E-0B59E1528440}.Release|Any CPU.Build.0 = Release|Any CPU
		{787F8511-1ED3-4F4D-B376-5545D3F91940}.Debug|Any CPU.ActiveCfg = Debug|Any CPU
		{787F8511-1ED3-4F4D-B376-5545D3F91940}.Debug|Any CPU.Build.0 = Debug|Any CPU
		{787F8511-1ED3-4F4D-B376-5545D3F91940}.Release|Any CPU.ActiveCfg = Release|Any CPU
		{787F8511-1ED3-4F4D-B376-5545D3F91940}.Release|Any CPU.Build.0 = Release|Any CPU
	EndGlobalSection
	GlobalSection(SolutionProperties) = preSolution
		HideSolutionNode = FALSE
	EndGlobalSection
	GlobalSection(ExtensibilityGlobals) = postSolution
		SolutionGuid = {A1340492-D3CD-4EC1-9488-53BCB513488F}
	EndGlobalSection
EndGlobal
